
Microsoft Visual Studio Solution File, Format Version 12.00
# Visual Studio Version 17
VisualStudioVersion = 17.9.34728.123
MinimumVisualStudioVersion = 10.0.40219.1
Project("{9A19103F-16F7-4668-BE54-9A1E7A4F7556}") = "Service.Notification", "Service.Notification\Service.Notification.csproj", "{007C0884-F658-4572-B1D5-32A8BA9D0FE3}"
EndProject
Project("{E53339B2-1760-4266-BCC7-CA923CBCF16C}") = "docker-compose", "docker-compose.dcproj", "{7A59EE4F-4C05-4C22-A92A-DE293447673F}"
EndProject
Global
	GlobalSection(SolutionConfigurationPlatforms) = preSolution
		Debug|Any CPU = Debug|Any CPU
		Release|Any CPU = Release|Any CPU
	EndGlobalSection
	GlobalSection(ProjectConfigurationPlatforms) = postSolution
		{007C0884-F658-4572-B1D5-32A8BA9D0FE3}.Debug|Any CPU.ActiveCfg = Debug|Any CPU
		{007C0884-F658-4572-B1D5-32A8BA9D0FE3}.Debug|Any CPU.Build.0 = Debug|Any CPU
		{007C0884-F658-4572-B1D5-32A8BA9D0FE3}.Release|Any CPU.ActiveCfg = Release|Any CPU
		{007C0884-F658-4572-B1D5-32A8BA9D0FE3}.Release|Any CPU.Build.0 = Release|Any CPU
		{7A59EE4F-4C05-4C22-A92A-DE293447673F}.Debug|Any CPU.ActiveCfg = Debug|Any CPU
		{7A59EE4F-4C05-4C22-A92A-DE293447673F}.Debug|Any CPU.Build.0 = Debug|Any CPU
		{7A59EE4F-4C05-4C22-A92A-DE293447673F}.Release|Any CPU.ActiveCfg = Release|Any CPU
		{7A59EE4F-4C05-4C22-A92A-DE293447673F}.Release|Any CPU.Build.0 = Release|Any CPU
	EndGlobalSection
	GlobalSection(SolutionProperties) = preSolution
		HideSolutionNode = FALSE
	EndGlobalSection
	GlobalSection(ExtensibilityGlobals) = postSolution
		SolutionGuid = {6C5A8ABA-768D-4321-8BDB-0500039C7627}
	EndGlobalSection
EndGlobal
